
Microsoft Visual Studio Solution File, Format Version 12.00
# Visual Studio Version 17
VisualStudioVersion = 17.13.35931.197 d17.13
MinimumVisualStudioVersion = 10.0.40219.1
Project("{FAE04EC0-301F-11D3-BF4B-00C04F79EFBC}") = "Task5", "Task5.csproj", "{1563BD35-9E09-4037-A498-3240B564E0BF}"
EndProject
Global
	GlobalSection(SolutionConfigurationPlatforms) = preSolution
		Debug|Any CPU = Debug|Any CPU
		Release|Any CPU = Release|Any CPU
	EndGlobalSection
	GlobalSection(ProjectConfigurationPlatforms) = postSolution
		{1563BD35-9E09-4037-A498-3240B564E0BF}.Debug|Any CPU.ActiveCfg = Debug|Any CPU
		{1563BD35-9E09-4037-A498-3240B564E0BF}.Debug|Any CPU.Build.0 = Debug|Any CPU
		{1563BD35-9E09-4037-A498-3240B564E0BF}.Release|Any CPU.ActiveCfg = Release|Any CPU
		{1563BD35-9E09-4037-A498-3240B564E0BF}.Release|Any CPU.Build.0 = Release|Any CPU
	EndGlobalSection
	GlobalSection(SolutionProperties) = preSolution
		HideSolutionNode = FALSE
	EndGlobalSection
	GlobalSection(ExtensibilityGlobals) = postSolution
		SolutionGuid = {717CE4F0-5D16-4FB3-A602-F0568FAEB82E}
	EndGlobalSection
EndGlobal
